// !$*UTF8*$!
{
	archiveVersion = 1;
	classes = {
	};
	objectVersion = 42;
	objects = {

/* Begin PBXBuildFile section */
		1106C880086179D700EE70CE /* Mission.m in Sources */ = {isa = PBXBuildFile; fileRef = 1106C87F086179D700EE70CE /* Mission.m */; };
		1106C97C0861904200EE70CE /* ToolbarCategory.m in Sources */ = {isa = PBXBuildFile; fileRef = 1106C97B0861904200EE70CE /* ToolbarCategory.m */; };
		112E925A0853CD32008D01B2 /* IOKit.framework in Frameworks */ = {isa = PBXBuildFile; fileRef = 112E92590853CD32008D01B2 /* IOKit.framework */; };
		114ED4F30860B8C300660982 /* MissionWindowController.m in Sources */ = {isa = PBXBuildFile; fileRef = 114ED4F20860B8C300660982 /* MissionWindowController.m */; };
		114ED5900860C01D00660982 /* MissionWindow.nib in Resources */ = {isa = PBXBuildFile; fileRef = 114ED58E0860C01D00660982 /* MissionWindow.nib */; };
		11559E3F0C858418008724EB /* me.png in Resources */ = {isa = PBXBuildFile; fileRef = 11559E3E0C858418008724EB /* me.png */; };
		115666A60D9941910076823F /* WaypointInspectorWindowController.m in Sources */ = {isa = PBXBuildFile; fileRef = 115666A50D9941910076823F /* WaypointInspectorWindowController.m */; };
		115A4D090A0E7E2700ECDDF4 /* MyHUDView.m in Sources */ = {isa = PBXBuildFile; fileRef = 115A4D080A0E7E2700ECDDF4 /* MyHUDView.m */; };
		115A4D6A0A0E81E500ECDDF4 /* GLUT.framework in Frameworks */ = {isa = PBXBuildFile; fileRef = 115A4D680A0E81E500ECDDF4 /* GLUT.framework */; };
		115A4D6B0A0E81E500ECDDF4 /* OpenGL.framework in Frameworks */ = {isa = PBXBuildFile; fileRef = 115A4D690A0E81E500ECDDF4 /* OpenGL.framework */; };
		116E98DF0D059D0C00E42C49 /* QTKit.framework in Frameworks */ = {isa = PBXBuildFile; fileRef = 116E98DE0D059D0C00E42C49 /* QTKit.framework */; };
		116E98E80D059D5200E42C49 /* Quartz.framework in Frameworks */ = {isa = PBXBuildFile; fileRef = 116E98E60D059D5200E42C49 /* Quartz.framework */; };
		116E98E90D059D5200E42C49 /* QuartzCore.framework in Frameworks */ = {isa = PBXBuildFile; fileRef = 116E98E70D059D5200E42C49 /* QuartzCore.framework */; };
		1170D9D6086DC68F00602C29 /* banner-video.tiff in Resources */ = {isa = PBXBuildFile; fileRef = 1170D9D5086DC68F00602C29 /* banner-video.tiff */; };
		117506E1086C4CB9000E6435 /* preferences.nib in Resources */ = {isa = PBXBuildFile; fileRef = 117506DF086C4CB9000E6435 /* preferences.nib */; };
		117506E7086C5357000E6435 /* PreferencesWindowController.m in Sources */ = {isa = PBXBuildFile; fileRef = 117506E5086C5357000E6435 /* PreferencesWindowController.m */; };
		1175074F086C5B1D000E6435 /* preferencesWindowToolbar.m in Sources */ = {isa = PBXBuildFile; fileRef = 1175074E086C5B1D000E6435 /* preferencesWindowToolbar.m */; };
		117508FC086C8492000E6435 /* prefsToolbarMission.png in Resources */ = {isa = PBXBuildFile; fileRef = 117508FB086C8492000E6435 /* prefsToolbarMission.png */; };
		119DAB5F0A0F553900137DBF /* libHIDUtilities.a in Frameworks */ = {isa = PBXBuildFile; fileRef = 119DAB5E0A0F553900137DBF /* libHIDUtilities.a */; };
		11AAC1260C27D41E00863F0E /* AutopilotWindow.nib in Resources */ = {isa = PBXBuildFile; fileRef = 11AAC1240C27D41E00863F0E /* AutopilotWindow.nib */; };
		11AAC1410C27D5B800863F0E /* AutopilotWindowController.m in Sources */ = {isa = PBXBuildFile; fileRef = 11AAC13F0C27D5B800863F0E /* AutopilotWindowController.m */; };
		11C7E4C408536EFB00684062 /* MainController.m in Sources */ = {isa = PBXBuildFile; fileRef = 11C7E4C308536EFB00684062 /* MainController.m */; };
		11C7E4C708536F0200684062 /* JoystickController.m in Sources */ = {isa = PBXBuildFile; fileRef = 11C7E4C608536F0200684062 /* JoystickController.m */; };
		11E2721E085B3EA400F49D4A /* MapView.m in Sources */ = {isa = PBXBuildFile; fileRef = 11E2721C085B3EA400F49D4A /* MapView.m */; };
		11E51BE80A275C6D0064A550 /* banner-joystick.tiff in Resources */ = {isa = PBXBuildFile; fileRef = 11E51BE70A275C6D0064A550 /* banner-joystick.tiff */; };
		11E80E870AB1D4C200D3AE5F /* IMUWindow.nib in Resources */ = {isa = PBXBuildFile; fileRef = 11E80E850AB1D4C200D3AE5F /* IMUWindow.nib */; };
		11EE276A0A026F1400ACDACC /* CSGCamera.m in Sources */ = {isa = PBXBuildFile; fileRef = 11EE27690A026F1400ACDACC /* CSGCamera.m */; };
		11FEAE440855BB2800E2A046 /* QuickTime.framework in Frameworks */ = {isa = PBXBuildFile; fileRef = 11FEAE430855BB2800E2A046 /* QuickTime.framework */; };
		8D11072A0486CEB800E47090 /* MainMenu.nib in Resources */ = {isa = PBXBuildFile; fileRef = 29B97318FDCFA39411CA2CEA /* MainMenu.nib */; };
		8D11072B0486CEB800E47090 /* InfoPlist.strings in Resources */ = {isa = PBXBuildFile; fileRef = 089C165CFE840E0CC02AAC07 /* InfoPlist.strings */; };
		8D11072D0486CEB800E47090 /* main.m in Sources */ = {isa = PBXBuildFile; fileRef = 29B97316FDCFA39411CA2CEA /* main.m */; settings = {ATTRIBUTES = (); }; };
		8D11072F0486CEB800E47090 /* Cocoa.framework in Frameworks */ = {isa = PBXBuildFile; fileRef = 1058C7A1FEA54F0111CA2CBB /* Cocoa.framework */; };
/* End PBXBuildFile section */

/* Begin PBXFileReference section */
		089C165DFE840E0CC02AAC07 /* English */ = {isa = PBXFileReference; fileEncoding = 10; lastKnownFileType = text.plist.strings; name = English; path = English.lproj/InfoPlist.strings; sourceTree = "<group>"; };
		1058C7A1FEA54F0111CA2CBB /* Cocoa.framework */ = {isa = PBXFileReference; lastKnownFileType = wrapper.framework; name = Cocoa.framework; path = /System/Library/Frameworks/Cocoa.framework; sourceTree = "<absolute>"; };
		1106C87E086179D700EE70CE /* Mission.h */ = {isa = PBXFileReference; fileEncoding = 4; lastKnownFileType = sourcecode.c.h; path = Mission.h; sourceTree = "<group>"; };
		1106C87F086179D700EE70CE /* Mission.m */ = {isa = PBXFileReference; fileEncoding = 4; lastKnownFileType = sourcecode.c.objc; path = Mission.m; sourceTree = "<group>"; };
		1106C97A0861904200EE70CE /* ToolbarCategory.h */ = {isa = PBXFileReference; fileEncoding = 4; lastKnownFileType = sourcecode.c.h; path = ToolbarCategory.h; sourceTree = "<group>"; };
		1106C97B0861904200EE70CE /* ToolbarCategory.m */ = {isa = PBXFileReference; fileEncoding = 4; lastKnownFileType = sourcecode.c.objc; path = ToolbarCategory.m; sourceTree = "<group>"; };
		112E92590853CD32008D01B2 /* IOKit.framework */ = {isa = PBXFileReference; lastKnownFileType = wrapper.framework; name = IOKit.framework; path = /System/Library/Frameworks/IOKit.framework; sourceTree = "<absolute>"; };
		114ED4F10860B8C300660982 /* MissionWindowController.h */ = {isa = PBXFileReference; fileEncoding = 4; lastKnownFileType = sourcecode.c.h; path = MissionWindowController.h; sourceTree = "<group>"; };
		114ED4F20860B8C300660982 /* MissionWindowController.m */ = {isa = PBXFileReference; fileEncoding = 4; lastKnownFileType = sourcecode.c.objc; path = MissionWindowController.m; sourceTree = "<group>"; };
		114ED58F0860C01D00660982 /* English */ = {isa = PBXFileReference; lastKnownFileType = wrapper.nib; name = English; path = English.lproj/MissionWindow.nib; sourceTree = "<group>"; };
		11559E3E0C858418008724EB /* me.png */ = {isa = PBXFileReference; lastKnownFileType = image.png; path = me.png; sourceTree = "<group>"; };
		115666A40D9941910076823F /* WaypointInspectorWindowController.h */ = {isa = PBXFileReference; fileEncoding = 4; lastKnownFileType = sourcecode.c.h; path = WaypointInspectorWindowController.h; sourceTree = "<group>"; };
		115666A50D9941910076823F /* WaypointInspectorWindowController.m */ = {isa = PBXFileReference; fileEncoding = 4; lastKnownFileType = sourcecode.c.objc; path = WaypointInspectorWindowController.m; sourceTree = "<group>"; };
		115A4D070A0E7E2700ECDDF4 /* MyHUDView.h */ = {isa = PBXFileReference; fileEncoding = 30; lastKnownFileType = sourcecode.c.h; path = MyHUDView.h; sourceTree = "<group>"; };
		115A4D080A0E7E2700ECDDF4 /* MyHUDView.m */ = {isa = PBXFileReference; fileEncoding = 30; lastKnownFileType = sourcecode.c.objc; path = MyHUDView.m; sourceTree = "<group>"; };
		115A4D680A0E81E500ECDDF4 /* GLUT.framework */ = {isa = PBXFileReference; lastKnownFileType = wrapper.framework; name = GLUT.framework; path = /System/Library/Frameworks/GLUT.framework; sourceTree = "<absolute>"; };
		115A4D690A0E81E500ECDDF4 /* OpenGL.framework */ = {isa = PBXFileReference; lastKnownFileType = wrapper.framework; name = OpenGL.framework; path = /System/Library/Frameworks/OpenGL.framework; sourceTree = "<absolute>"; };
		116E98DE0D059D0C00E42C49 /* QTKit.framework */ = {isa = PBXFileReference; lastKnownFileType = wrapper.framework; name = QTKit.framework; path = /System/Library/Frameworks/QTKit.framework; sourceTree = "<absolute>"; };
		116E98E60D059D5200E42C49 /* Quartz.framework */ = {isa = PBXFileReference; lastKnownFileType = wrapper.framework; name = Quartz.framework; path = /System/Library/Frameworks/Quartz.framework; sourceTree = "<absolute>"; };
		116E98E70D059D5200E42C49 /* QuartzCore.framework */ = {isa = PBXFileReference; lastKnownFileType = wrapper.framework; name = QuartzCore.framework; path = /System/Library/Frameworks/QuartzCore.framework; sourceTree = "<absolute>"; };
		1170D9D5086DC68F00602C29 /* banner-video.tiff */ = {isa = PBXFileReference; lastKnownFileType = image.tiff; path = "banner-video.tiff"; sourceTree = "<group>"; };
		117506E0086C4CB9000E6435 /* English */ = {isa = PBXFileReference; lastKnownFileType = wrapper.nib; name = English; path = English.lproj/preferences.nib; sourceTree = "<group>"; };
		117506E5086C5357000E6435 /* PreferencesWindowController.m */ = {isa = PBXFileReference; fileEncoding = 30; lastKnownFileType = sourcecode.c.objc; path = PreferencesWindowController.m; sourceTree = "<group>"; };
		117506E6086C5357000E6435 /* PreferencesWindowController.h */ = {isa = PBXFileReference; fileEncoding = 30; lastKnownFileType = sourcecode.c.h; path = PreferencesWindowController.h; sourceTree = "<group>"; };
		1175074D086C5B1D000E6435 /* preferencesWindowToolbar.h */ = {isa = PBXFileReference; fileEncoding = 4; lastKnownFileType = sourcecode.c.h; path = preferencesWindowToolbar.h; sourceTree = "<group>"; };
		1175074E086C5B1D000E6435 /* preferencesWindowToolbar.m */ = {isa = PBXFileReference; fileEncoding = 4; lastKnownFileType = sourcecode.c.objc; path = preferencesWindowToolbar.m; sourceTree = "<group>"; };
		117508FB086C8492000E6435 /* prefsToolbarMission.png */ = {isa = PBXFileReference; lastKnownFileType = image.png; path = prefsToolbarMission.png; sourceTree = "<group>"; };
		119DAB5E0A0F553900137DBF /* libHIDUtilities.a */ = {isa = PBXFileReference; lastKnownFileType = archive.ar; path = libHIDUtilities.a; sourceTree = "<group>"; };
		11AAC1250C27D41E00863F0E /* English */ = {isa = PBXFileReference; lastKnownFileType = wrapper.nib; name = English; path = English.lproj/AutopilotWindow.nib; sourceTree = "<group>"; };
		11AAC13F0C27D5B800863F0E /* AutopilotWindowController.m */ = {isa = PBXFileReference; fileEncoding = 5; lastKnownFileType = sourcecode.c.objc; path = AutopilotWindowController.m; sourceTree = "<group>"; };
		11AAC1400C27D5B800863F0E /* AutopilotWindowController.h */ = {isa = PBXFileReference; fileEncoding = 5; lastKnownFileType = sourcecode.c.h; path = AutopilotWindowController.h; sourceTree = "<group>"; };
		11C7E4C208536EFB00684062 /* MainController.h */ = {isa = PBXFileReference; fileEncoding = 30; lastKnownFileType = sourcecode.c.h; path = MainController.h; sourceTree = "<group>"; };
		11C7E4C308536EFB00684062 /* MainController.m */ = {isa = PBXFileReference; fileEncoding = 30; lastKnownFileType = sourcecode.c.objc; path = MainController.m; sourceTree = "<group>"; };
		11C7E4C508536F0200684062 /* JoystickController.h */ = {isa = PBXFileReference; fileEncoding = 30; lastKnownFileType = sourcecode.c.h; path = JoystickController.h; sourceTree = "<group>"; };
		11C7E4C608536F0200684062 /* JoystickController.m */ = {isa = PBXFileReference; fileEncoding = 30; lastKnownFileType = sourcecode.c.objc; path = JoystickController.m; sourceTree = "<group>"; };
		11C7E66408537A3C00684062 /* HID_Utilities_External.h */ = {isa = PBXFileReference; fileEncoding = 30; lastKnownFileType = sourcecode.c.h; path = HID_Utilities_External.h; sourceTree = "<group>"; };
		11E2721C085B3EA400F49D4A /* MapView.m */ = {isa = PBXFileReference; fileEncoding = 30; lastKnownFileType = sourcecode.c.objc; path = MapView.m; sourceTree = "<group>"; };
		11E2721D085B3EA400F49D4A /* MapView.h */ = {isa = PBXFileReference; fileEncoding = 30; lastKnownFileType = sourcecode.c.h; path = MapView.h; sourceTree = "<group>"; };
		11E51BE70A275C6D0064A550 /* banner-joystick.tiff */ = {isa = PBXFileReference; lastKnownFileType = image.tiff; path = "banner-joystick.tiff"; sourceTree = "<group>"; };
		11E80E860AB1D4C200D3AE5F /* English */ = {isa = PBXFileReference; lastKnownFileType = wrapper.nib; name = English; path = English.lproj/IMUWindow.nib; sourceTree = "<group>"; };
		11EE27680A026F1400ACDACC /* CSGCamera.h */ = {isa = PBXFileReference; fileEncoding = 12; lastKnownFileType = sourcecode.c.h; path = CSGCamera.h; sourceTree = "<group>"; };
		11EE27690A026F1400ACDACC /* CSGCamera.m */ = {isa = PBXFileReference; fileEncoding = 12; lastKnownFileType = sourcecode.c.objc; path = CSGCamera.m; sourceTree = "<group>"; };
		11FEAE430855BB2800E2A046 /* QuickTime.framework */ = {isa = PBXFileReference; lastKnownFileType = wrapper.framework; name = QuickTime.framework; path = /System/Library/Frameworks/QuickTime.framework; sourceTree = "<absolute>"; };
		13E42FB307B3F0F600E4EEF1 /* CoreData.framework */ = {isa = PBXFileReference; lastKnownFileType = wrapper.framework; name = CoreData.framework; path = /System/Library/Frameworks/CoreData.framework; sourceTree = "<absolute>"; };
		29B97316FDCFA39411CA2CEA /* main.m */ = {isa = PBXFileReference; fileEncoding = 4; lastKnownFileType = sourcecode.c.objc; path = main.m; sourceTree = "<group>"; };
		29B97319FDCFA39411CA2CEA /* English */ = {isa = PBXFileReference; lastKnownFileType = wrapper.nib; name = English; path = English.lproj/MainMenu.nib; sourceTree = "<group>"; };
		29B97324FDCFA39411CA2CEA /* AppKit.framework */ = {isa = PBXFileReference; lastKnownFileType = wrapper.framework; name = AppKit.framework; path = /System/Library/Frameworks/AppKit.framework; sourceTree = "<absolute>"; };
		29B97325FDCFA39411CA2CEA /* Foundation.framework */ = {isa = PBXFileReference; lastKnownFileType = wrapper.framework; name = Foundation.framework; path = /System/Library/Frameworks/Foundation.framework; sourceTree = "<absolute>"; };
		32CA4F630368D1EE00C91783 /* testbed2_Prefix.pch */ = {isa = PBXFileReference; fileEncoding = 4; lastKnownFileType = sourcecode.c.h; path = testbed2_Prefix.pch; sourceTree = "<group>"; };
		8D1107310486CEB800E47090 /* Info.plist */ = {isa = PBXFileReference; fileEncoding = 4; lastKnownFileType = text.plist; path = Info.plist; sourceTree = "<group>"; };
		8D1107320486CEB800E47090 /* testbed2.app */ = {isa = PBXFileReference; explicitFileType = wrapper.application; includeInIndex = 0; path = testbed2.app; sourceTree = BUILT_PRODUCTS_DIR; };
/* End PBXFileReference section */

/* Begin PBXFrameworksBuildPhase section */
		8D11072E0486CEB800E47090 /* Frameworks */ = {
			isa = PBXFrameworksBuildPhase;
			buildActionMask = 2147483647;
			files = (
				8D11072F0486CEB800E47090 /* Cocoa.framework in Frameworks */,
				112E925A0853CD32008D01B2 /* IOKit.framework in Frameworks */,
				11FEAE440855BB2800E2A046 /* QuickTime.framework in Frameworks */,
				115A4D6A0A0E81E500ECDDF4 /* GLUT.framework in Frameworks */,
				115A4D6B0A0E81E500ECDDF4 /* OpenGL.framework in Frameworks */,
				119DAB5F0A0F553900137DBF /* libHIDUtilities.a in Frameworks */,
				116E98DF0D059D0C00E42C49 /* QTKit.framework in Frameworks */,
				116E98E80D059D5200E42C49 /* Quartz.framework in Frameworks */,
				116E98E90D059D5200E42C49 /* QuartzCore.framework in Frameworks */,
			);
			runOnlyForDeploymentPostprocessing = 0;
		};
/* End PBXFrameworksBuildPhase section */

/* Begin PBXGroup section */
		080E96DDFE201D6D7F000001 /* Classes */ = {
			isa = PBXGroup;
			children = (
				115666A30D99414E0076823F /* WaypointInspectorController */,
				11AAC11B0C27D18E00863F0E /* Autopilot */,
				117506E8086C5363000E6435 /* Preferences */,
				1106C87A086179AE00EE70CE /* Mission Controller */,
				114ED4F40860B8D300660982 /* MissionWindow Controller */,
				11FEAE0D0855B90800E2A046 /* Sequence Grabber */,
				11C7E4CA08536F3500684062 /* Joystick Handling */,
				11C7E4C908536F2300684062 /* Main Controller */,
			);
			name = Classes;
			sourceTree = "<group>";
		};
		1106C87A086179AE00EE70CE /* Mission Controller */ = {
			isa = PBXGroup;
			children = (
				1106C87E086179D700EE70CE /* Mission.h */,
				1106C87F086179D700EE70CE /* Mission.m */,
			);
			name = "Mission Controller";
			sourceTree = "<group>";
		};
		114ED4F40860B8D300660982 /* MissionWindow Controller */ = {
			isa = PBXGroup;
			children = (
				114ED4F10860B8C300660982 /* MissionWindowController.h */,
				114ED4F20860B8C300660982 /* MissionWindowController.m */,
				1106C97A0861904200EE70CE /* ToolbarCategory.h */,
				1106C97B0861904200EE70CE /* ToolbarCategory.m */,
				11E2722C085B3F0D00F49D4A /* MapView */,
			);
			name = "MissionWindow Controller";
			sourceTree = "<group>";
		};
		115666A30D99414E0076823F /* WaypointInspectorController */ = {
			isa = PBXGroup;
			children = (
				115666A40D9941910076823F /* WaypointInspectorWindowController.h */,
				115666A50D9941910076823F /* WaypointInspectorWindowController.m */,
			);
			name = WaypointInspectorController;
			sourceTree = "<group>";
		};
		117506E8086C5363000E6435 /* Preferences */ = {
			isa = PBXGroup;
			children = (
				117506E5086C5357000E6435 /* PreferencesWindowController.m */,
				117506E6086C5357000E6435 /* PreferencesWindowController.h */,
				1175074D086C5B1D000E6435 /* preferencesWindowToolbar.h */,
				1175074E086C5B1D000E6435 /* preferencesWindowToolbar.m */,
			);
			name = Preferences;
			sourceTree = "<group>";
		};
		11AAC11B0C27D18E00863F0E /* Autopilot */ = {
			isa = PBXGroup;
			children = (
				11AAC13F0C27D5B800863F0E /* AutopilotWindowController.m */,
				11AAC1400C27D5B800863F0E /* AutopilotWindowController.h */,
			);
			name = Autopilot;
			sourceTree = "<group>";
		};
		11C7E4C908536F2300684062 /* Main Controller */ = {
			isa = PBXGroup;
			children = (
				11EE27280A02693C00ACDACC /* HUD */,
				11C7E4C208536EFB00684062 /* MainController.h */,
				11C7E4C308536EFB00684062 /* MainController.m */,
			);
			name = "Main Controller";
			sourceTree = "<group>";
		};
		11C7E4CA08536F3500684062 /* Joystick Handling */ = {
			isa = PBXGroup;
			children = (
				11C7E66408537A3C00684062 /* HID_Utilities_External.h */,
				11C7E4C508536F0200684062 /* JoystickController.h */,
				11C7E4C608536F0200684062 /* JoystickController.m */,
			);
			name = "Joystick Handling";
			sourceTree = "<group>";
		};
		11E2722C085B3F0D00F49D4A /* MapView */ = {
			isa = PBXGroup;
			children = (
				11E2721C085B3EA400F49D4A /* MapView.m */,
				11E2721D085B3EA400F49D4A /* MapView.h */,
			);
			name = MapView;
			sourceTree = "<group>";
		};
		11EE27280A02693C00ACDACC /* HUD */ = {
			isa = PBXGroup;
			children = (
				115A4D070A0E7E2700ECDDF4 /* MyHUDView.h */,
				115A4D080A0E7E2700ECDDF4 /* MyHUDView.m */,
			);
			name = HUD;
			sourceTree = "<group>";
		};
		11FEAE0D0855B90800E2A046 /* Sequence Grabber */ = {
			isa = PBXGroup;
			children = (
				11EE27680A026F1400ACDACC /* CSGCamera.h */,
				11EE27690A026F1400ACDACC /* CSGCamera.m */,
			);
			name = "Sequence Grabber";
			sourceTree = "<group>";
		};
		19C28FACFE9D520D11CA2CBB /* Products */ = {
			isa = PBXGroup;
			children = (
				8D1107320486CEB800E47090 /* testbed2.app */,
			);
			name = Products;
			sourceTree = "<group>";
		};
		29B97314FDCFA39411CA2CEA /* testbed2 */ = {
			isa = PBXGroup;
			children = (
				080E96DDFE201D6D7F000001 /* Classes */,
				29B97315FDCFA39411CA2CEA /* Other Sources */,
				29B97317FDCFA39411CA2CEA /* Resources */,
				29B97323FDCFA39411CA2CEA /* Frameworks */,
				19C28FACFE9D520D11CA2CBB /* Products */,
			);
			name = testbed2;
			sourceTree = "<group>";
		};
		29B97315FDCFA39411CA2CEA /* Other Sources */ = {
			isa = PBXGroup;
			children = (
				32CA4F630368D1EE00C91783 /* testbed2_Prefix.pch */,
				29B97316FDCFA39411CA2CEA /* main.m */,
			);
			name = "Other Sources";
			sourceTree = "<group>";
		};
		29B97317FDCFA39411CA2CEA /* Resources */ = {
			isa = PBXGroup;
			children = (
				11559E3E0C858418008724EB /* me.png */,
				119DAB5E0A0F553900137DBF /* libHIDUtilities.a */,
				11E51BE70A275C6D0064A550 /* banner-joystick.tiff */,
				1170D9D5086DC68F00602C29 /* banner-video.tiff */,
				117508FB086C8492000E6435 /* prefsToolbarMission.png */,
				117506DF086C4CB9000E6435 /* preferences.nib */,
				29B97318FDCFA39411CA2CEA /* MainMenu.nib */,
				114ED58E0860C01D00660982 /* MissionWindow.nib */,
				8D1107310486CEB800E47090 /* Info.plist */,
				089C165CFE840E0CC02AAC07 /* InfoPlist.strings */,
				11E80E850AB1D4C200D3AE5F /* IMUWindow.nib */,
				11AAC1240C27D41E00863F0E /* AutopilotWindow.nib */,
			);
			name = Resources;
			sourceTree = "<group>";
		};
		29B97323FDCFA39411CA2CEA /* Frameworks */ = {
			isa = PBXGroup;
			children = (
				116E98E60D059D5200E42C49 /* Quartz.framework */,
				116E98E70D059D5200E42C49 /* QuartzCore.framework */,
				116E98DE0D059D0C00E42C49 /* QTKit.framework */,
				29B97325FDCFA39411CA2CEA /* Foundation.framework */,
				13E42FB307B3F0F600E4EEF1 /* CoreData.framework */,
				29B97324FDCFA39411CA2CEA /* AppKit.framework */,
				112E92590853CD32008D01B2 /* IOKit.framework */,
				11FEAE430855BB2800E2A046 /* QuickTime.framework */,
				1058C7A1FEA54F0111CA2CBB /* Cocoa.framework */,
				115A4D680A0E81E500ECDDF4 /* GLUT.framework */,
				115A4D690A0E81E500ECDDF4 /* OpenGL.framework */,
			);
			name = Frameworks;
			sourceTree = "<group>";
		};
/* End PBXGroup section */

/* Begin PBXNativeTarget section */
		8D1107260486CEB800E47090 /* testbed2 */ = {
			isa = PBXNativeTarget;
			buildConfigurationList = 11D0A09A0901738D001BD665 /* Build configuration list for PBXNativeTarget "testbed2" */;
			buildPhases = (
				8D1107290486CEB800E47090 /* Resources */,
				8D11072C0486CEB800E47090 /* Sources */,
				8D11072E0486CEB800E47090 /* Frameworks */,
			);
			buildRules = (
			);
			dependencies = (
			);
			name = testbed2;
			productInstallPath = "$(HOME)/Applications";
			productName = testbed2;
			productReference = 8D1107320486CEB800E47090 /* testbed2.app */;
			productType = "com.apple.product-type.application";
		};
/* End PBXNativeTarget section */

/* Begin PBXProject section */
		29B97313FDCFA39411CA2CEA /* Project object */ = {
			isa = PBXProject;
			buildConfigurationList = 11D0A09E0901738D001BD665 /* Build configuration list for PBXProject "testbed2" */;
			compatibilityVersion = "Xcode 2.4";
			hasScannedForEncodings = 1;
			mainGroup = 29B97314FDCFA39411CA2CEA /* testbed2 */;
			projectDirPath = "";
			projectRoot = "";
			targets = (
				8D1107260486CEB800E47090 /* testbed2 */,
			);
		};
/* End PBXProject section */

/* Begin PBXResourcesBuildPhase section */
		8D1107290486CEB800E47090 /* Resources */ = {
			isa = PBXResourcesBuildPhase;
			buildActionMask = 2147483647;
			files = (
				8D11072A0486CEB800E47090 /* MainMenu.nib in Resources */,
				8D11072B0486CEB800E47090 /* InfoPlist.strings in Resources */,
				114ED5900860C01D00660982 /* MissionWindow.nib in Resources */,
				117506E1086C4CB9000E6435 /* preferences.nib in Resources */,
				117508FC086C8492000E6435 /* prefsToolbarMission.png in Resources */,
				1170D9D6086DC68F00602C29 /* banner-video.tiff in Resources */,
				11E51BE80A275C6D0064A550 /* banner-joystick.tiff in Resources */,
				11E80E870AB1D4C200D3AE5F /* IMUWindow.nib in Resources */,
				11AAC1260C27D41E00863F0E /* AutopilotWindow.nib in Resources */,
				11559E3F0C858418008724EB /* me.png in Resources */,
			);
			runOnlyForDeploymentPostprocessing = 0;
		};
/* End PBXResourcesBuildPhase section */

/* Begin PBXSourcesBuildPhase section */
		8D11072C0486CEB800E47090 /* Sources */ = {
			isa = PBXSourcesBuildPhase;
			buildActionMask = 2147483647;
			files = (
				8D11072D0486CEB800E47090 /* main.m in Sources */,
				11C7E4C408536EFB00684062 /* MainController.m in Sources */,
				11C7E4C708536F0200684062 /* JoystickController.m in Sources */,
				11E2721E085B3EA400F49D4A /* MapView.m in Sources */,
				114ED4F30860B8C300660982 /* MissionWindowController.m in Sources */,
				1106C880086179D700EE70CE /* Mission.m in Sources */,
				1106C97C0861904200EE70CE /* ToolbarCategory.m in Sources */,
				117506E7086C5357000E6435 /* PreferencesWindowController.m in Sources */,
				1175074F086C5B1D000E6435 /* preferencesWindowToolbar.m in Sources */,
				11EE276A0A026F1400ACDACC /* CSGCamera.m in Sources */,
				115A4D090A0E7E2700ECDDF4 /* MyHUDView.m in Sources */,
				11AAC1410C27D5B800863F0E /* AutopilotWindowController.m in Sources */,
				115666A60D9941910076823F /* WaypointInspectorWindowController.m in Sources */,
			);
			runOnlyForDeploymentPostprocessing = 0;
		};
/* End PBXSourcesBuildPhase section */

/* Begin PBXVariantGroup section */
		089C165CFE840E0CC02AAC07 /* InfoPlist.strings */ = {
			isa = PBXVariantGroup;
			children = (
				089C165DFE840E0CC02AAC07 /* English */,
			);
			name = InfoPlist.strings;
			sourceTree = "<group>";
		};
		114ED58E0860C01D00660982 /* MissionWindow.nib */ = {
			isa = PBXVariantGroup;
			children = (
				114ED58F0860C01D00660982 /* English */,
			);
			name = MissionWindow.nib;
			sourceTree = "<group>";
		};
		117506DF086C4CB9000E6435 /* preferences.nib */ = {
			isa = PBXVariantGroup;
			children = (
				117506E0086C4CB9000E6435 /* English */,
			);
			name = preferences.nib;
			sourceTree = "<group>";
		};
		11AAC1240C27D41E00863F0E /* AutopilotWindow.nib */ = {
			isa = PBXVariantGroup;
			children = (
				11AAC1250C27D41E00863F0E /* English */,
			);
			name = AutopilotWindow.nib;
			sourceTree = "<group>";
		};
		11E80E850AB1D4C200D3AE5F /* IMUWindow.nib */ = {
			isa = PBXVariantGroup;
			children = (
				11E80E860AB1D4C200D3AE5F /* English */,
			);
			name = IMUWindow.nib;
			sourceTree = "<group>";
		};
		29B97318FDCFA39411CA2CEA /* MainMenu.nib */ = {
			isa = PBXVariantGroup;
			children = (
				29B97319FDCFA39411CA2CEA /* English */,
			);
			name = MainMenu.nib;
			sourceTree = "<group>";
		};
/* End PBXVariantGroup section */

/* Begin XCBuildConfiguration section */
		11D0A09B0901738D001BD665 /* Development */ = {
			isa = XCBuildConfiguration;
			buildSettings = {
				ARCHS = (
					ppc,
					i386,
				);
				COPY_PHASE_STRIP = NO;
				GCC_DYNAMIC_NO_PIC = NO;
				GCC_ENABLE_FIX_AND_CONTINUE = YES;
				GCC_GENERATE_DEBUGGING_SYMBOLS = YES;
				GCC_OPTIMIZATION_LEVEL = s;
				GCC_PRECOMPILE_PREFIX_HEADER = YES;
				GCC_PREFIX_HEADER = testbed2_Prefix.pch;
				GCC_WARN_ABOUT_RETURN_TYPE = YES;
				GCC_WARN_UNUSED_VARIABLE = YES;
				INFOPLIST_FILE = Info.plist;
				INSTALL_PATH = "$(HOME)/Applications";
				LIBRARY_SEARCH_PATHS = (
					"$(LIBRARY_SEARCH_PATHS_QUOTED_1)",
					"$(LIBRARY_SEARCH_PATHS_QUOTED_2)",
				);
				LIBRARY_SEARCH_PATHS_QUOTED_1 = "\"$(SRCROOT)\"";
				LIBRARY_SEARCH_PATHS_QUOTED_2 = "\"$(SRCROOT)/../../GoogleToolsStaticLib/build/Release\"";
				PREBINDING = NO;
				PRODUCT_NAME = testbed2;
				SDKROOT = /Developer/SDKs/MacOSX10.4u.sdk;
				WRAPPER_EXTENSION = app;
				ZERO_LINK = NO;
			};
			name = Development;
		};
		11D0A09C0901738D001BD665 /* Deployment */ = {
			isa = XCBuildConfiguration;
			buildSettings = {
				ARCHS = "$(NATIVE_ARCH)";
				COPY_PHASE_STRIP = YES;
				GCC_AUTO_VECTORIZATION = YES;
				GCC_ENABLE_FIX_AND_CONTINUE = NO;
				GCC_ENABLE_SSE3_EXTENSIONS = YES;
				GCC_FAST_OBJC_DISPATCH = YES;
				GCC_GENERATE_DEBUGGING_SYMBOLS = NO;
				GCC_MODEL_PPC64 = NO;
				GCC_OPTIMIZATION_LEVEL = 3;
				GCC_PRECOMPILE_PREFIX_HEADER = YES;
				GCC_PREFIX_HEADER = testbed2_Prefix.pch;
				GCC_UNROLL_LOOPS = YES;
				GCC_WARN_ABOUT_RETURN_TYPE = YES;
				GCC_WARN_UNUSED_VARIABLE = YES;
				INFOPLIST_FILE = Info.plist;
				INSTALL_PATH = "$(HOME)/Applications";
				LIBRARY_SEARCH_PATHS = (
					"$(SRCROOT)",
					"$(LIBRARY_SEARCH_PATHS_QUOTED_1)",
				);
				PREBINDING = NO;
				PRODUCT_NAME = testbed2;
				SDKROOT = /Developer/SDKs/MacOSX10.4u.sdk;
				STRIP_INSTALLED_PRODUCT = YES;
				VALID_ARCHS = "i386 x86_64";
				WRAPPER_EXTENSION = app;
				ZERO_LINK = NO;
			};
			name = Deployment;
		};
		11D0A09F0901738D001BD665 /* Development */ = {
			isa = XCBuildConfiguration;
			buildSettings = {
				ARCHS = (
					ppc,
					i386,
				);
				MACOSX_DEPLOYMENT_TARGET = 10.4;
				PREBINDING = NO;
				SDKROOT = /Developer/SDKs/MacOSX10.4u.sdk;
				SYMROOT = build;
				ZERO_LINK = NO;
			};
			name = Development;
		};
		11D0A0A00901738D001BD665 /* Deployment */ = {
			isa = XCBuildConfiguration;
			buildSettings = {
				ARCHS = "$(NATIVE_ARCH)";
				DEAD_CODE_STRIPPING = YES;
				GCC_ALTIVEC_EXTENSIONS = YES;
				GCC_AUTO_VECTORIZATION = YES;
				GCC_DEBUGGING_SYMBOLS = default;
				GCC_DYNAMIC_NO_PIC = YES;
				GCC_ENABLE_OBJC_GC = required;
				GCC_ENABLE_SSE3_EXTENSIONS = YES;
				GCC_INLINES_ARE_PRIVATE_EXTERN = YES;
				GCC_MODEL_TUNING = G5;
				GCC_OPTIMIZATION_LEVEL = 3;
				GCC_STRICT_ALIASING = NO;
				GCC_SYMBOLS_PRIVATE_EXTERN = YES;
				GCC_TREAT_NONCONFORMANT_CODE_ERRORS_AS_WARNINGS = YES;
				GCC_TREAT_WARNINGS_AS_ERRORS = YES;
				GCC_WARN_ABOUT_DEPRECATED_FUNCTIONS = NO;
				GCC_WARN_ABOUT_MISSING_PROTOTYPES = YES;
				GCC_WARN_ABOUT_RETURN_TYPE = YES;
				GCC_WARN_CHECK_SWITCH_STATEMENTS = YES;
				GCC_WARN_MISSING_PARENTHESES = YES;
				GCC_WARN_SHADOW = NO;
				GCC_WARN_SIGN_COMPARE = YES;
				GCC_WARN_TYPECHECK_CALLS_TO_PRINTF = YES;
				GCC_WARN_UNINITIALIZED_AUTOS = YES;
				GCC_WARN_UNUSED_FUNCTION = YES;
				GCC_WARN_UNUSED_LABEL = YES;
				GCC_WARN_UNUSED_PARAMETER = NO;
				GCC_WARN_UNUSED_VALUE = YES;
				GCC_WARN_UNUSED_VARIABLE = YES;
				LINKER_DISPLAYS_FILES_FOR_UNDEFINED_SYMBOLS = YES;
				MACOSX_DEPLOYMENT_TARGET = 10.4;
				ONLY_LINK_ESSENTIAL_SYMBOLS = YES;
				PREBINDING = NO;
				PRESERVE_DEAD_CODE_INITS_AND_TERMS = YES;
				SDKROOT = /Developer/SDKs/MacOSX10.4u.sdk;
			};
			name = Deployment;
		};
/* End XCBuildConfiguration section */

/* Begin XCConfigurationList section */
		11D0A09A0901738D001BD665 /* Build configuration list for PBXNativeTarget "testbed2" */ = {
			isa = XCConfigurationList;
			buildConfigurations = (
				11D0A09B0901738D001BD665 /* Development */,
				11D0A09C0901738D001BD665 /* Deployment */,
			);
			defaultConfigurationIsVisible = 0;
			defaultConfigurationName = Deployment;
		};
		11D0A09E0901738D001BD665 /* Build configuration list for PBXProject "testbed2" */ = {
			isa = XCConfigurationList;
			buildConfigurations = (
				11D0A09F0901738D001BD665 /* Development */,
				11D0A0A00901738D001BD665 /* Deployment */,
			);
			defaultConfigurationIsVisible = 0;
			defaultConfigurationName = Deployment;
		};
/* End XCConfigurationList section */
	};
	rootObject = 29B97313FDCFA39411CA2CEA /* Project object */;
}
